// !$*UTF8*$!
{
	archiveVersion = 1;
	classes = {
	};
	objectVersion = 50;
	objects = {

/* Begin PBXBuildFile section */
		CE2F5D0023519CDE004E21D6 /* SenserLogger.swift in Sources */ = {isa = PBXBuildFile; fileRef = CE2F5CFF23519CDE004E21D6 /* SenserLogger.swift */; };
		CE936473235063EC0087CA57 /* AppDelegate.swift in Sources */ = {isa = PBXBuildFile; fileRef = CE936472235063EC0087CA57 /* AppDelegate.swift */; };
		CE936475235063EC0087CA57 /* SceneDelegate.swift in Sources */ = {isa = PBXBuildFile; fileRef = CE936474235063EC0087CA57 /* SceneDelegate.swift */; };
		CE936477235063EC0087CA57 /* ContentView.swift in Sources */ = {isa = PBXBuildFile; fileRef = CE936476235063EC0087CA57 /* ContentView.swift */; };
		CE936479235063F30087CA57 /* Assets.xcassets in Resources */ = {isa = PBXBuildFile; fileRef = CE936478235063F30087CA57 /* Assets.xcassets */; };
		CE93647C235063F30087CA57 /* Preview Assets.xcassets in Resources */ = {isa = PBXBuildFile; fileRef = CE93647B235063F30087CA57 /* Preview Assets.xcassets */; };
		CE93647F235063F30087CA57 /* LaunchScreen.storyboard in Resources */ = {isa = PBXBuildFile; fileRef = CE93647D235063F30087CA57 /* LaunchScreen.storyboard */; };
		CEF12F6A24C7C676001DA115 /* IMG_3837.PNG in Resources */ = {isa = PBXBuildFile; fileRef = CEF12F6724C7C676001DA115 /* IMG_3837.PNG */; };
		CEF12F6B24C7C676001DA115 /* IMG_3836.PNG in Resources */ = {isa = PBXBuildFile; fileRef = CEF12F6824C7C676001DA115 /* IMG_3836.PNG */; };
		CEF12F6C24C7C676001DA115 /* IMG_3838.PNG in Resources */ = {isa = PBXBuildFile; fileRef = CEF12F6924C7C676001DA115 /* IMG_3838.PNG */; };
/* End PBXBuildFile section */

/* Begin PBXFileReference section */
		CE2F5CFF23519CDE004E21D6 /* SenserLogger.swift */ = {isa = PBXFileReference; fileEncoding = 4; lastKnownFileType = sourcecode.swift; path = SenserLogger.swift; sourceTree = "<group>"; };
		CE93646F235063EC0087CA57 /* Logger.app */ = {isa = PBXFileReference; explicitFileType = wrapper.application; includeInIndex = 0; path = Logger.app; sourceTree = BUILT_PRODUCTS_DIR; };
		CE936472235063EC0087CA57 /* AppDelegate.swift */ = {isa = PBXFileReference; lastKnownFileType = sourcecode.swift; path = AppDelegate.swift; sourceTree = "<group>"; };
		CE936474235063EC0087CA57 /* SceneDelegate.swift */ = {isa = PBXFileReference; lastKnownFileType = sourcecode.swift; path = SceneDelegate.swift; sourceTree = "<group>"; };
		CE936476235063EC0087CA57 /* ContentView.swift */ = {isa = PBXFileReference; lastKnownFileType = sourcecode.swift; path = ContentView.swift; sourceTree = "<group>"; };
		CE936478235063F30087CA57 /* Assets.xcassets */ = {isa = PBXFileReference; lastKnownFileType = folder.assetcatalog; path = Assets.xcassets; sourceTree = "<group>"; };
		CE93647B235063F30087CA57 /* Preview Assets.xcassets */ = {isa = PBXFileReference; lastKnownFileType = folder.assetcatalog; path = "Preview Assets.xcassets"; sourceTree = "<group>"; };
		CE93647E235063F30087CA57 /* Base */ = {isa = PBXFileReference; lastKnownFileType = file.storyboard; name = Base; path = Base.lproj/LaunchScreen.storyboard; sourceTree = "<group>"; };
		CE936480235063F30087CA57 /* Info.plist */ = {isa = PBXFileReference; lastKnownFileType = text.plist.xml; path = Info.plist; sourceTree = "<group>"; };
		CEF12F6524C7C36F001DA115 /* README.md */ = {isa = PBXFileReference; lastKnownFileType = net.daringfireball.markdown; path = README.md; sourceTree = "<group>"; };
		CEF12F6724C7C676001DA115 /* IMG_3837.PNG */ = {isa = PBXFileReference; lastKnownFileType = image.png; path = IMG_3837.PNG; sourceTree = "<group>"; };
		CEF12F6824C7C676001DA115 /* IMG_3836.PNG */ = {isa = PBXFileReference; lastKnownFileType = image.png; path = IMG_3836.PNG; sourceTree = "<group>"; };
		CEF12F6924C7C676001DA115 /* IMG_3838.PNG */ = {isa = PBXFileReference; lastKnownFileType = image.png; path = IMG_3838.PNG; sourceTree = "<group>"; };
/* End PBXFileReference section */

/* Begin PBXFrameworksBuildPhase section */
		CE93646C235063EC0087CA57 /* Frameworks */ = {
			isa = PBXFrameworksBuildPhase;
			buildActionMask = 2147483647;
			files = (
			);
			runOnlyForDeploymentPostprocessing = 0;
		};
/* End PBXFrameworksBuildPhase section */

/* Begin PBXGroup section */
		CE936466235063EC0087CA57 = {
			isa = PBXGroup;
			children = (
				CEF12F6624C7C60A001DA115 /* materials */,
				CEF12F6524C7C36F001DA115 /* README.md */,
				CE936471235063EC0087CA57 /* Logger5 */,
				CE936470235063EC0087CA57 /* Products */,
			);
			sourceTree = "<group>";
		};
		CE936470235063EC0087CA57 /* Products */ = {
			isa = PBXGroup;
			children = (
				CE93646F235063EC0087CA57 /* Logger.app */,
			);
			name = Products;
			sourceTree = "<group>";
		};
		CE936471235063EC0087CA57 /* Logger5 */ = {
			isa = PBXGroup;
			children = (
				CE936472235063EC0087CA57 /* AppDelegate.swift */,
				CE936474235063EC0087CA57 /* SceneDelegate.swift */,
				CE936476235063EC0087CA57 /* ContentView.swift */,
				CE2F5CFF23519CDE004E21D6 /* SenserLogger.swift */,
				CE936478235063F30087CA57 /* Assets.xcassets */,
				CE93647D235063F30087CA57 /* LaunchScreen.storyboard */,
				CE936480235063F30087CA57 /* Info.plist */,
				CE93647A235063F30087CA57 /* Preview Content */,
			);
			path = Logger5;
			sourceTree = "<group>";
		};
		CE93647A235063F30087CA57 /* Preview Content */ = {
			isa = PBXGroup;
			children = (
				CE93647B235063F30087CA57 /* Preview Assets.xcassets */,
			);
			path = "Preview Content";
			sourceTree = "<group>";
		};
		CEF12F6624C7C60A001DA115 /* materials */ = {
			isa = PBXGroup;
			children = (
				CEF12F6824C7C676001DA115 /* IMG_3836.PNG */,
				CEF12F6724C7C676001DA115 /* IMG_3837.PNG */,
				CEF12F6924C7C676001DA115 /* IMG_3838.PNG */,
			);
			path = materials;
			sourceTree = "<group>";
		};
/* End PBXGroup section */

/* Begin PBXNativeTarget section */
		CE93646E235063EC0087CA57 /* Logger5 */ = {
			isa = PBXNativeTarget;
			buildConfigurationList = CE936483235063F30087CA57 /* Build configuration list for PBXNativeTarget "Logger5" */;
			buildPhases = (
				CE93646B235063EC0087CA57 /* Sources */,
				CE93646C235063EC0087CA57 /* Frameworks */,
				CE93646D235063EC0087CA57 /* Resources */,
			);
			buildRules = (
			);
			dependencies = (
			);
			name = Logger5;
			packageProductDependencies = (
			);
			productName = Logger5;
			productReference = CE93646F235063EC0087CA57 /* Logger.app */;
			productType = "com.apple.product-type.application";
		};
/* End PBXNativeTarget section */

/* Begin PBXProject section */
		CE936467235063EC0087CA57 /* Project object */ = {
			isa = PBXProject;
			attributes = {
				LastSwiftUpdateCheck = 1110;
				LastUpgradeCheck = 1200;
				ORGANIZATIONNAME = "MacBook Air";
				TargetAttributes = {
					CE93646E235063EC0087CA57 = {
						CreatedOnToolsVersion = 11.1;
					};
				};
			};
			buildConfigurationList = CE93646A235063EC0087CA57 /* Build configuration list for PBXProject "Logger5" */;
			compatibilityVersion = "Xcode 9.3";
			developmentRegion = en;
			hasScannedForEncodings = 0;
			knownRegions = (
				en,
				Base,
			);
			mainGroup = CE936466235063EC0087CA57;
			packageReferences = (
			);
			productRefGroup = CE936470235063EC0087CA57 /* Products */;
			projectDirPath = "";
			projectRoot = "";
			targets = (
				CE93646E235063EC0087CA57 /* Logger5 */,
			);
		};
/* End PBXProject section */

/* Begin PBXResourcesBuildPhase section */
		CE93646D235063EC0087CA57 /* Resources */ = {
			isa = PBXResourcesBuildPhase;
			buildActionMask = 2147483647;
			files = (
				CEF12F6A24C7C676001DA115 /* IMG_3837.PNG in Resources */,
				CE93647F235063F30087CA57 /* LaunchScreen.storyboard in Resources */,
				CEF12F6B24C7C676001DA115 /* IMG_3836.PNG in Resources */,
				CEF12F6C24C7C676001DA115 /* IMG_3838.PNG in Resources */,
				CE93647C235063F30087CA57 /* Preview Assets.xcassets in Resources */,
				CE936479235063F30087CA57 /* Assets.xcassets in Resources */,
			);
			runOnlyForDeploymentPostprocessing = 0;
		};
/* End PBXResourcesBuildPhase section */

/* Begin PBXSourcesBuildPhase section */
		CE93646B235063EC0087CA57 /* Sources */ = {
			isa = PBXSourcesBuildPhase;
			buildActionMask = 2147483647;
			files = (
				CE936473235063EC0087CA57 /* AppDelegate.swift in Sources */,
				CE2F5D0023519CDE004E21D6 /* SenserLogger.swift in Sources */,
				CE936475235063EC0087CA57 /* SceneDelegate.swift in Sources */,
				CE936477235063EC0087CA57 /* ContentView.swift in Sources */,
			);
			runOnlyForDeploymentPostprocessing = 0;
		};
/* End PBXSourcesBuildPhase section */

/* Begin PBXVariantGroup section */
		CE93647D235063F30087CA57 /* LaunchScreen.storyboard */ = {
			isa = PBXVariantGroup;
			children = (
				CE93647E235063F30087CA57 /* Base */,
			);
			name = LaunchScreen.storyboard;
			sourceTree = "<group>";
		};
/* End PBXVariantGroup section */

/* Begin XCBuildConfiguration section */
		CE936481235063F30087CA57 /* Debug */ = {
			isa = XCBuildConfiguration;
			buildSettings = {
				ALWAYS_SEARCH_USER_PATHS = NO;
				CLANG_ANALYZER_NONNULL = YES;
				CLANG_ANALYZER_NUMBER_OBJECT_CONVERSION = YES_AGGRESSIVE;
				CLANG_CXX_LANGUAGE_STANDARD = "gnu++14";
				CLANG_CXX_LIBRARY = "libc++";
				CLANG_ENABLE_MODULES = YES;
				CLANG_ENABLE_OBJC_ARC = YES;
				CLANG_ENABLE_OBJC_WEAK = YES;
				CLANG_WARN_BLOCK_CAPTURE_AUTORELEASING = YES;
				CLANG_WARN_BOOL_CONVERSION = YES;
				CLANG_WARN_COMMA = YES;
				CLANG_WARN_CONSTANT_CONVERSION = YES;
				CLANG_WARN_DEPRECATED_OBJC_IMPLEMENTATIONS = YES;
				CLANG_WARN_DIRECT_OBJC_ISA_USAGE = YES_ERROR;
				CLANG_WARN_DOCUMENTATION_COMMENTS = YES;
				CLANG_WARN_EMPTY_BODY = YES;
				CLANG_WARN_ENUM_CONVERSION = YES;
				CLANG_WARN_INFINITE_RECURSION = YES;
				CLANG_WARN_INT_CONVERSION = YES;
				CLANG_WARN_NON_LITERAL_NULL_CONVERSION = YES;
				CLANG_WARN_OBJC_IMPLICIT_RETAIN_SELF = YES;
				CLANG_WARN_OBJC_LITERAL_CONVERSION = YES;
				CLANG_WARN_OBJC_ROOT_CLASS = YES_ERROR;
				CLANG_WARN_QUOTED_INCLUDE_IN_FRAMEWORK_HEADER = YES;
				CLANG_WARN_RANGE_LOOP_ANALYSIS = YES;
				CLANG_WARN_STRICT_PROTOTYPES = YES;
				CLANG_WARN_SUSPICIOUS_MOVE = YES;
				CLANG_WARN_UNGUARDED_AVAILABILITY = YES_AGGRESSIVE;
				CLANG_WARN_UNREACHABLE_CODE = YES;
				CLANG_WARN__DUPLICATE_METHOD_MATCH = YES;
				COPY_PHASE_STRIP = NO;
				DEBUG_INFORMATION_FORMAT = dwarf;
				ENABLE_STRICT_OBJC_MSGSEND = YES;
				ENABLE_TESTABILITY = YES;
				GCC_C_LANGUAGE_STANDARD = gnu11;
				GCC_DYNAMIC_NO_PIC = NO;
				GCC_NO_COMMON_BLOCKS = YES;
				GCC_OPTIMIZATION_LEVEL = 0;
				GCC_PREPROCESSOR_DEFINITIONS = (
					"DEBUG=1",
					"$(inherited)",
				);
				GCC_WARN_64_TO_32_BIT_CONVERSION = YES;
				GCC_WARN_ABOUT_RETURN_TYPE = YES_ERROR;
				GCC_WARN_UNDECLARED_SELECTOR = YES;
				GCC_WARN_UNINITIALIZED_AUTOS = YES_AGGRESSIVE;
				GCC_WARN_UNUSED_FUNCTION = YES;
				GCC_WARN_UNUSED_VARIABLE = YES;
				IPHONEOS_DEPLOYMENT_TARGET = 14.0;
				MTL_ENABLE_DEBUG_INFO = INCLUDE_SOURCE;
				MTL_FAST_MATH = YES;
				ONLY_ACTIVE_ARCH = YES;
				SDKROOT = iphoneos;
				SWIFT_ACTIVE_COMPILATION_CONDITIONS = DEBUG;
				SWIFT_OPTIMIZATION_LEVEL = "-Onone";
			};
			name = Debug;
		};
		CE936482235063F30087CA57 /* Release */ = {
			isa = XCBuildConfiguration;
			buildSettings = {
				ALWAYS_SEARCH_USER_PATHS = NO;
				CLANG_ANALYZER_NONNULL = YES;
				CLANG_ANALYZER_NUMBER_OBJECT_CONVERSION = YES_AGGRESSIVE;
				CLANG_CXX_LANGUAGE_STANDARD = "gnu++14";
				CLANG_CXX_LIBRARY = "libc++";
				CLANG_ENABLE_MODULES = YES;
				CLANG_ENABLE_OBJC_ARC = YES;
				CLANG_ENABLE_OBJC_WEAK = YES;
				CLANG_WARN_BLOCK_CAPTURE_AUTORELEASING = YES;
				CLANG_WARN_BOOL_CONVERSION = YES;
				CLANG_WARN_COMMA = YES;
				CLANG_WARN_CONSTANT_CONVERSION = YES;
				CLANG_WARN_DEPRECATED_OBJC_IMPLEMENTATIONS = YES;
				CLANG_WARN_DIRECT_OBJC_ISA_USAGE = YES_ERROR;
				CLANG_WARN_DOCUMENTATION_COMMENTS = YES;
				CLANG_WARN_EMPTY_BODY = YES;
				CLANG_WARN_ENUM_CONVERSION = YES;
				CLANG_WARN_INFINITE_RECURSION = YES;
				CLANG_WARN_INT_CONVERSION = YES;
				CLANG_WARN_NON_LITERAL_NULL_CONVERSION = YES;
				CLANG_WARN_OBJC_IMPLICIT_RETAIN_SELF = YES;
				CLANG_WARN_OBJC_LITERAL_CONVERSION = YES;
				CLANG_WARN_OBJC_ROOT_CLASS = YES_ERROR;
				CLANG_WARN_QUOTED_INCLUDE_IN_FRAMEWORK_HEADER = YES;
				CLANG_WARN_RANGE_LOOP_ANALYSIS = YES;
				CLANG_WARN_STRICT_PROTOTYPES = YES;
				CLANG_WARN_SUSPICIOUS_MOVE = YES;
				CLANG_WARN_UNGUARDED_AVAILABILITY = YES_AGGRESSIVE;
				CLANG_WARN_UNREACHABLE_CODE = YES;
				CLANG_WARN__DUPLICATE_METHOD_MATCH = YES;
				COPY_PHASE_STRIP = NO;
				DEBUG_INFORMATION_FORMAT = "dwarf-with-dsym";
				ENABLE_NS_ASSERTIONS = NO;
				ENABLE_STRICT_OBJC_MSGSEND = YES;
				GCC_C_LANGUAGE_STANDARD = gnu11;
				GCC_NO_COMMON_BLOCKS = YES;
				GCC_WARN_64_TO_32_BIT_CONVERSION = YES;
				GCC_WARN_ABOUT_RETURN_TYPE = YES_ERROR;
				GCC_WARN_UNDECLARED_SELECTOR = YES;
				GCC_WARN_UNINITIALIZED_AUTOS = YES_AGGRESSIVE;
				GCC_WARN_UNUSED_FUNCTION = YES;
				GCC_WARN_UNUSED_VARIABLE = YES;
				IPHONEOS_DEPLOYMENT_TARGET = 14.0;
				MTL_ENABLE_DEBUG_INFO = NO;
				MTL_FAST_MATH = YES;
				SDKROOT = iphoneos;
				SWIFT_COMPILATION_MODE = wholemodule;
				SWIFT_OPTIMIZATION_LEVEL = "-O";
				VALIDATE_PRODUCT = YES;
			};
			name = Release;
		};
		CE936484235063F30087CA57 /* Debug */ = {
			isa = XCBuildConfiguration;
			buildSettings = {
				ASSETCATALOG_COMPILER_APPICON_NAME = AppIcon;
				CODE_SIGN_STYLE = Automatic;
				DEVELOPMENT_ASSET_PATHS = "\"Logger5/Preview Content\"";
				DEVELOPMENT_TEAM = WHBF4Z49B6;
				ENABLE_PREVIEWS = YES;
				INFOPLIST_FILE = Logger5/Info.plist;
				IPHONEOS_DEPLOYMENT_TARGET = 14.0;
				LD_RUNPATH_SEARCH_PATHS = (
					"$(inherited)",
					"@executable_path/Frameworks",
				);
				MARKETING_VERSION = 1.1.1;
				PRODUCT_BUNDLE_IDENTIFIER = com.Xer.Logger5;
				PRODUCT_NAME = Logger;
				SWIFT_VERSION = 5.0;
				TARGETED_DEVICE_FAMILY = "1,2";
			};
			name = Debug;
		};
		CE936485235063F30087CA57 /* Release */ = {
			isa = XCBuildConfiguration;
			buildSettings = {
				ASSETCATALOG_COMPILER_APPICON_NAME = AppIcon;
				CODE_SIGN_STYLE = Automatic;
				DEVELOPMENT_ASSET_PATHS = "\"Logger5/Preview Content\"";
				DEVELOPMENT_TEAM = WHBF4Z49B6;
				ENABLE_PREVIEWS = YES;
				INFOPLIST_FILE = Logger5/Info.plist;
				IPHONEOS_DEPLOYMENT_TARGET = 14.0;
				LD_RUNPATH_SEARCH_PATHS = (
					"$(inherited)",
					"@executable_path/Frameworks",
				);
				MARKETING_VERSION = 1.1.1;
				PRODUCT_BUNDLE_IDENTIFIER = com.Xer.Logger5;
				PRODUCT_NAME = Logger;
				SWIFT_VERSION = 5.0;
				TARGETED_DEVICE_FAMILY = "1,2";
			};
			name = Release;
		};
/* End XCBuildConfiguration section */

/* Begin XCConfigurationList section */
		CE93646A235063EC0087CA57 /* Build configuration list for PBXProject "Logger5" */ = {
			isa = XCConfigurationList;
			buildConfigurations = (
				CE936481235063F30087CA57 /* Debug */,
				CE936482235063F30087CA57 /* Release */,
			);
			defaultConfigurationIsVisible = 0;
			defaultConfigurationName = Release;
		};
		CE936483235063F30087CA57 /* Build configuration list for PBXNativeTarget "Logger5" */ = {
			isa = XCConfigurationList;
			buildConfigurations = (
				CE936484235063F30087CA57 /* Debug */,
				CE936485235063F30087CA57 /* Release */,
			);
			defaultConfigurationIsVisible = 0;
			defaultConfigurationName = Release;
		};
/* End XCConfigurationList section */
	};
	rootObject = CE936467235063EC0087CA57 /* Project object */;
}
